
Microsoft Visual Studio Solution File, Format Version 12.00
# Visual Studio Version 16
VisualStudioVersion = 16.0.31005.135
MinimumVisualStudioVersion = 10.0.40219.1
Project("{FAE04EC0-301F-11D3-BF4B-00C04F79EFBC}") = "PARCIAL1", "PARCIAL1\PARCIAL1.csproj", "{81AFB7E5-49EA-4299-A541-3CADFBB67700}"
EndProject
Global
	GlobalSection(SolutionConfigurationPlatforms) = preSolution
		Debug|Any CPU = Debug|Any CPU
		Release|Any CPU = Release|Any CPU
	EndGlobalSection
	GlobalSection(ProjectConfigurationPlatforms) = postSolution
		{81AFB7E5-49EA-4299-A541-3CADFBB67700}.Debug|Any CPU.ActiveCfg = Debug|Any CPU
		{81AFB7E5-49EA-4299-A541-3CADFBB67700}.Debug|Any CPU.Build.0 = Debug|Any CPU
		{81AFB7E5-49EA-4299-A541-3CADFBB67700}.Release|Any CPU.ActiveCfg = Release|Any CPU
		{81AFB7E5-49EA-4299-A541-3CADFBB67700}.Release|Any CPU.Build.0 = Release|Any CPU
	EndGlobalSection
	GlobalSection(SolutionProperties) = preSolution
		HideSolutionNode = FALSE
	EndGlobalSection
	GlobalSection(ExtensibilityGlobals) = postSolution
		SolutionGuid = {FCA18EF0-200A-40DE-B445-5A45AA174142}
	EndGlobalSection
EndGlobal
